
Microsoft Visual Studio Solution File, Format Version 12.00
# Visual Studio Version 17
VisualStudioVersion = 17.11.35222.181
MinimumVisualStudioVersion = 10.0.40219.1
Project("{FAE04EC0-301F-11D3-BF4B-00C04F79EFBC}") = "AnboRevised", "AnboRevised\AnboRevised.csproj", "{F34467FC-DB4A-4A5F-97F2-6E958152A80B}"
EndProject
Global
	GlobalSection(SolutionConfigurationPlatforms) = preSolution
		Debug|Any CPU = Debug|Any CPU
		Release|Any CPU = Release|Any CPU
	EndGlobalSection
	GlobalSection(ProjectConfigurationPlatforms) = postSolution
		{F34467FC-DB4A-4A5F-97F2-6E958152A80B}.Debug|Any CPU.ActiveCfg = Debug|Any CPU
		{F34467FC-DB4A-4A5F-97F2-6E958152A80B}.Debug|Any CPU.Build.0 = Debug|Any CPU
		{F34467FC-DB4A-4A5F-97F2-6E958152A80B}.Release|Any CPU.ActiveCfg = Release|Any CPU
		{F34467FC-DB4A-4A5F-97F2-6E958152A80B}.Release|Any CPU.Build.0 = Release|Any CPU
	EndGlobalSection
	GlobalSection(SolutionProperties) = preSolution
		HideSolutionNode = FALSE
	EndGlobalSection
	GlobalSection(ExtensibilityGlobals) = postSolution
		SolutionGuid = {05354108-9A67-49A2-A875-F31C13533B48}
	EndGlobalSection
EndGlobal
